
Microsoft Visual Studio Solution File, Format Version 12.00
# Visual Studio Version 17
VisualStudioVersion = 17.3.32819.101
MinimumVisualStudioVersion = 10.0.40219.1
Project("{9A19103F-16F7-4668-BE54-9A1E7A4F7556}") = "ShopOnline.Web", "ShopOnline.Web\ShopOnline.Web.csproj", "{7F276774-0DFA-47E9-B457-35FC4BB1B871}"
EndProject
Project("{9A19103F-16F7-4668-BE54-9A1E7A4F7556}") = "ShopOnline.Api", "ShopOnline.Api\ShopOnline.Api.csproj", "{FB5F9A1D-E9F8-4110-B79D-C1EEA818EB40}"
EndProject
Project("{9A19103F-16F7-4668-BE54-9A1E7A4F7556}") = "ShopOnline.Models", "ShopOnline.Models\ShopOnline.Models.csproj", "{F4BA789B-A86A-439C-8264-CD8ADD87AE12}"
EndProject
Global
	GlobalSection(SolutionConfigurationPlatforms) = preSolution
		Debug|Any CPU = Debug|Any CPU
		Release|Any CPU = Release|Any CPU
	EndGlobalSection
	GlobalSection(ProjectConfigurationPlatforms) = postSolution
		{7F276774-0DFA-47E9-B457-35FC4BB1B871}.Debug|Any CPU.ActiveCfg = Debug|Any CPU
		{7F276774-0DFA-47E9-B457-35FC4BB1B871}.Debug|Any CPU.Build.0 = Debug|Any CPU
		{7F276774-0DFA-47E9-B457-35FC4BB1B871}.Release|Any CPU.ActiveCfg = Release|Any CPU
		{7F276774-0DFA-47E9-B457-35FC4BB1B871}.Release|Any CPU.Build.0 = Release|Any CPU
		{FB5F9A1D-E9F8-4110-B79D-C1EEA818EB40}.Debug|Any CPU.ActiveCfg = Debug|Any CPU
		{FB5F9A1D-E9F8-4110-B79D-C1EEA818EB40}.Debug|Any CPU.Build.0 = Debug|Any CPU
		{FB5F9A1D-E9F8-4110-B79D-C1EEA818EB40}.Release|Any CPU.ActiveCfg = Release|Any CPU
		{FB5F9A1D-E9F8-4110-B79D-C1EEA818EB40}.Release|Any CPU.Build.0 = Release|Any CPU
		{F4BA789B-A86A-439C-8264-CD8ADD87AE12}.Debug|Any CPU.ActiveCfg = Debug|Any CPU
		{F4BA789B-A86A-439C-8264-CD8ADD87AE12}.Debug|Any CPU.Build.0 = Debug|Any CPU
		{F4BA789B-A86A-439C-8264-CD8ADD87AE12}.Release|Any CPU.ActiveCfg = Release|Any CPU
		{F4BA789B-A86A-439C-8264-CD8ADD87AE12}.Release|Any CPU.Build.0 = Release|Any CPU
	EndGlobalSection
	GlobalSection(SolutionProperties) = preSolution
		HideSolutionNode = FALSE
	EndGlobalSection
	GlobalSection(ExtensibilityGlobals) = postSolution
		SolutionGuid = {8FB8536B-84EE-4CBA-BDE0-22F0F7B397BB}
	EndGlobalSection
EndGlobal
